{
    "name": "@machitgarha/afza",
    "requires": true,
    "lockfileVersion": 1,
    "dependencies": {
        "iscroll": {
            "version": "5.2.0",
            "resolved": "https://registry.npmjs.org/iscroll/-/iscroll-5.2.0.tgz",
            "integrity": "sha1-1RMwcIi1slpPiTr0dIBEaEgYKcg="
        },
        "jquery": {
            "version": "3.5.1",
            "resolved": "https://registry.npmjs.org/jquery/-/jquery-3.5.1.tgz",
            "integrity": "sha512-XwIBPqcMn57FxfT+Go5pzySnm4KWkT1Tv7gjrpT1srtf8Weynl6R273VJ5GjkRb51IzMp5nbaPjJXMWeju2MKg=="
        },
        "jquery-mousewheel": {
            "version": "3.1.13",
            "resolved": "https://registry.npmjs.org/jquery-mousewheel/-/jquery-mousewheel-3.1.13.tgz",
            "integrity": "sha1-BvAzXxbjU6aV5yBr9QUDy1I6buU="
        }
    }
}
